
Microsoft Visual Studio Solution File, Format Version 12.00
# Visual Studio Version 16
VisualStudioVersion = 16.0.29403.142
MinimumVisualStudioVersion = 10.0.40219.1
Project("{FAE04EC0-301F-11D3-BF4B-00C04F79EFBC}") = "AutoLotClientApp", "Bonus\AutoLotClientApp.csproj", "{FBEEAB04-5A63-456C-ADBD-B152A72A709A}"
EndProject
Project("{FAE04EC0-301F-11D3-BF4B-00C04F79EFBC}") = "AutoLotDAL", "AutoLotDAL\AutoLotDAL.csproj", "{C5DFD6E8-07EA-4A91-A014-168437502128}"
EndProject
Global
	GlobalSection(SolutionConfigurationPlatforms) = preSolution
		Debug|Any CPU = Debug|Any CPU
		Release|Any CPU = Release|Any CPU
	EndGlobalSection
	GlobalSection(ProjectConfigurationPlatforms) = postSolution
		{FBEEAB04-5A63-456C-ADBD-B152A72A709A}.Debug|Any CPU.ActiveCfg = Debug|Any CPU
		{FBEEAB04-5A63-456C-ADBD-B152A72A709A}.Debug|Any CPU.Build.0 = Debug|Any CPU
		{FBEEAB04-5A63-456C-ADBD-B152A72A709A}.Release|Any CPU.ActiveCfg = Release|Any CPU
		{FBEEAB04-5A63-456C-ADBD-B152A72A709A}.Release|Any CPU.Build.0 = Release|Any CPU
		{C5DFD6E8-07EA-4A91-A014-168437502128}.Debug|Any CPU.ActiveCfg = Debug|Any CPU
		{C5DFD6E8-07EA-4A91-A014-168437502128}.Debug|Any CPU.Build.0 = Debug|Any CPU
		{C5DFD6E8-07EA-4A91-A014-168437502128}.Release|Any CPU.ActiveCfg = Release|Any CPU
		{C5DFD6E8-07EA-4A91-A014-168437502128}.Release|Any CPU.Build.0 = Release|Any CPU
	EndGlobalSection
	GlobalSection(SolutionProperties) = preSolution
		HideSolutionNode = FALSE
	EndGlobalSection
	GlobalSection(ExtensibilityGlobals) = postSolution
		SolutionGuid = {0A4B5579-8B9E-4792-9AB7-61DE6FB39ADE}
	EndGlobalSection
EndGlobal
